
Microsoft Visual Studio Solution File, Format Version 12.00
# Visual Studio Version 16
VisualStudioVersion = 16.0.30523.141
MinimumVisualStudioVersion = 10.0.40219.1
Project("{FAE04EC0-301F-11D3-BF4B-00C04F79EFBC}") = "uSeoToolkit.Umbraco8.Website", "uSeoToolkit.Umbraco8.Website\uSeoToolkit.Umbraco8.Website.csproj", "{B9CBFE47-A541-457E-ADE5-964A83598A61}"
EndProject
Project("{FAE04EC0-301F-11D3-BF4B-00C04F79EFBC}") = "uSeoToolkit.Umbraco8.Core", "uSeoToolkit.Umbraco8.Core\uSeoToolkit.Umbraco8.Core.csproj", "{4ED64FD2-C9AF-4D60-AE2A-51A2F22AF421}"
EndProject
Project("{FAE04EC0-301F-11D3-BF4B-00C04F79EFBC}") = "uSeoToolkit.Umbraco8", "uSeoToolkit.Umbraco8\uSeoToolkit.Umbraco8.csproj", "{2E3AC69D-1C4C-4E08-AA7F-64A8575DE4FF}"
EndProject
Global
	GlobalSection(SolutionConfigurationPlatforms) = preSolution
		Debug|Any CPU = Debug|Any CPU
		Release|Any CPU = Release|Any CPU
	EndGlobalSection
	GlobalSection(ProjectConfigurationPlatforms) = postSolution
		{B9CBFE47-A541-457E-ADE5-964A83598A61}.Debug|Any CPU.ActiveCfg = Debug|Any CPU
		{B9CBFE47-A541-457E-ADE5-964A83598A61}.Debug|Any CPU.Build.0 = Debug|Any CPU
		{B9CBFE47-A541-457E-ADE5-964A83598A61}.Release|Any CPU.ActiveCfg = Release|Any CPU
		{B9CBFE47-A541-457E-ADE5-964A83598A61}.Release|Any CPU.Build.0 = Release|Any CPU
		{4ED64FD2-C9AF-4D60-AE2A-51A2F22AF421}.Debug|Any CPU.ActiveCfg = Debug|Any CPU
		{4ED64FD2-C9AF-4D60-AE2A-51A2F22AF421}.Debug|Any CPU.Build.0 = Debug|Any CPU
		{4ED64FD2-C9AF-4D60-AE2A-51A2F22AF421}.Release|Any CPU.ActiveCfg = Release|Any CPU
		{4ED64FD2-C9AF-4D60-AE2A-51A2F22AF421}.Release|Any CPU.Build.0 = Release|Any CPU
		{2E3AC69D-1C4C-4E08-AA7F-64A8575DE4FF}.Debug|Any CPU.ActiveCfg = Debug|Any CPU
		{2E3AC69D-1C4C-4E08-AA7F-64A8575DE4FF}.Debug|Any CPU.Build.0 = Debug|Any CPU
		{2E3AC69D-1C4C-4E08-AA7F-64A8575DE4FF}.Release|Any CPU.ActiveCfg = Release|Any CPU
		{2E3AC69D-1C4C-4E08-AA7F-64A8575DE4FF}.Release|Any CPU.Build.0 = Release|Any CPU
	EndGlobalSection
	GlobalSection(SolutionProperties) = preSolution
		HideSolutionNode = FALSE
	EndGlobalSection
	GlobalSection(ExtensibilityGlobals) = postSolution
		SolutionGuid = {829FADEC-BAD5-43DA-A2CB-211426705016}
	EndGlobalSection
EndGlobal
